
Microsoft Visual Studio Solution File, Format Version 12.00
# Visual Studio Version 17
VisualStudioVersion = 17.8.34330.188
MinimumVisualStudioVersion = 10.0.40219.1
Project("{8BC9CEB8-8B4A-11D0-8D11-00A0C91BC942}") = "testGithub", "testGithub\testGithub.vcxproj", "{52F04BFD-3EB4-4B9D-B564-48E3EE91FFC4}"
EndProject
Project("{8BC9CEB8-8B4A-11D0-8D11-00A0C91BC942}") = "Project1", "Project1\Project1.vcxproj", "{50101990-E043-4FED-89D6-5063B25D968C}"
EndProject
Global
	GlobalSection(SolutionConfigurationPlatforms) = preSolution
		Debug|x64 = Debug|x64
		Debug|x86 = Debug|x86
		Release|x64 = Release|x64
		Release|x86 = Release|x86
	EndGlobalSection
	GlobalSection(ProjectConfigurationPlatforms) = postSolution
		{52F04BFD-3EB4-4B9D-B564-48E3EE91FFC4}.Debug|x64.ActiveCfg = Debug|x64
		{52F04BFD-3EB4-4B9D-B564-48E3EE91FFC4}.Debug|x64.Build.0 = Debug|x64
		{52F04BFD-3EB4-4B9D-B564-48E3EE91FFC4}.Debug|x86.ActiveCfg = Debug|Win32
		{52F04BFD-3EB4-4B9D-B564-48E3EE91FFC4}.Debug|x86.Build.0 = Debug|Win32
		{52F04BFD-3EB4-4B9D-B564-48E3EE91FFC4}.Release|x64.ActiveCfg = Release|x64
		{52F04BFD-3EB4-4B9D-B564-48E3EE91FFC4}.Release|x64.Build.0 = Release|x64
		{52F04BFD-3EB4-4B9D-B564-48E3EE91FFC4}.Release|x86.ActiveCfg = Release|Win32
		{52F04BFD-3EB4-4B9D-B564-48E3EE91FFC4}.Release|x86.Build.0 = Release|Win32
		{50101990-E043-4FED-89D6-5063B25D968C}.Debug|x64.ActiveCfg = Debug|x64
		{50101990-E043-4FED-89D6-5063B25D968C}.Debug|x64.Build.0 = Debug|x64
		{50101990-E043-4FED-89D6-5063B25D968C}.Debug|x86.ActiveCfg = Debug|Win32
		{50101990-E043-4FED-89D6-5063B25D968C}.Debug|x86.Build.0 = Debug|Win32
		{50101990-E043-4FED-89D6-5063B25D968C}.Release|x64.ActiveCfg = Release|x64
		{50101990-E043-4FED-89D6-5063B25D968C}.Release|x64.Build.0 = Release|x64
		{50101990-E043-4FED-89D6-5063B25D968C}.Release|x86.ActiveCfg = Release|Win32
		{50101990-E043-4FED-89D6-5063B25D968C}.Release|x86.Build.0 = Release|Win32
	EndGlobalSection
	GlobalSection(SolutionProperties) = preSolution
		HideSolutionNode = FALSE
	EndGlobalSection
	GlobalSection(ExtensibilityGlobals) = postSolution
		SolutionGuid = {CDFB0DCB-137A-4C44-9AEF-748948206538}
	EndGlobalSection
EndGlobal
